
Microsoft Visual Studio Solution File, Format Version 12.00
# Visual Studio Version 16
VisualStudioVersion = 16.0.31402.337
MinimumVisualStudioVersion = 10.0.40219.1
Project("{FAE04EC0-301F-11D3-BF4B-00C04F79EFBC}") = "ASPNETCoreLvl2Demo", "ASPNETCoreLvl2Demo\ASPNETCoreLvl2Demo.csproj", "{859E5F1A-9E46-469B-9539-E57B82AC5DB8}"
EndProject
Global
	GlobalSection(SolutionConfigurationPlatforms) = preSolution
		Debug|Any CPU = Debug|Any CPU
		Release|Any CPU = Release|Any CPU
	EndGlobalSection
	GlobalSection(ProjectConfigurationPlatforms) = postSolution
		{859E5F1A-9E46-469B-9539-E57B82AC5DB8}.Debug|Any CPU.ActiveCfg = Debug|Any CPU
		{859E5F1A-9E46-469B-9539-E57B82AC5DB8}.Debug|Any CPU.Build.0 = Debug|Any CPU
		{859E5F1A-9E46-469B-9539-E57B82AC5DB8}.Release|Any CPU.ActiveCfg = Release|Any CPU
		{859E5F1A-9E46-469B-9539-E57B82AC5DB8}.Release|Any CPU.Build.0 = Release|Any CPU
	EndGlobalSection
	GlobalSection(SolutionProperties) = preSolution
		HideSolutionNode = FALSE
	EndGlobalSection
	GlobalSection(ExtensibilityGlobals) = postSolution
		SolutionGuid = {55EE4493-786F-4C8C-8DD1-A103684B6F1C}
	EndGlobalSection
EndGlobal
